
Microsoft Visual Studio Solution File, Format Version 12.00
# Visual Studio Version 17
VisualStudioVersion = 17.10.35027.167
MinimumVisualStudioVersion = 10.0.40219.1
Project("{911E67C6-3D85-4FCE-B560-20A9C3E3FF48}") = "dotnet-sdk-8.0.303-win-x64", "dotnet-sdk-8.0.303-win-x64.exe", "{C4275C3C-2597-48B5-A595-13DCA90AA0A3}"
	ProjectSection(DebuggerProjectSystem) = preProject
		PortSupplier = 00000000-0000-0000-0000-000000000000
		Executable = C:\Users\frede\Downloads\dotnet-sdk-8.0.303-win-x64.exe
		RemoteMachine = LAPTOP-AT41J7HM
		StartingDirectory = C:\Users\frede\Downloads
		Environment = Default
		LaunchingEngine = 00000000-0000-0000-0000-000000000000
		UseLegacyDebugEngines = No
		LaunchSQLEngine = No
		AttachLaunchAction = No
		IORedirection = Auto
	EndProjectSection
EndProject
Global
	GlobalSection(SolutionConfigurationPlatforms) = preSolution
		Release|x86 = Release|x86
	EndGlobalSection
	GlobalSection(ProjectConfigurationPlatforms) = postSolution
		{C4275C3C-2597-48B5-A595-13DCA90AA0A3}.Release|x86.ActiveCfg = Release|x86
	EndGlobalSection
	GlobalSection(SolutionProperties) = preSolution
		HideSolutionNode = FALSE
	EndGlobalSection
	GlobalSection(ExtensibilityGlobals) = postSolution
		SolutionGuid = {C42390BC-2066-4770-B834-035AD1FB0EF3}
	EndGlobalSection
EndGlobal
